
Microsoft Visual Studio Solution File, Format Version 12.00
# Visual Studio Version 17
VisualStudioVersion = 17.12.35521.163
MinimumVisualStudioVersion = 10.0.40219.1
Project("{8BC9CEB8-8B4A-11D0-8D11-00A0C91BC942}") = "2.1", "2.1.vcxproj", "{5726ADAF-FD43-4088-A213-E93C304B5EBD}"
EndProject
Project("{8BC9CEB8-8B4A-11D0-8D11-00A0C91BC942}") = "2.2", "..\2.2\2.2.vcxproj", "{C1D81810-A2CF-4BF8-B55C-C12D2E2A158C}"
EndProject
Project("{8BC9CEB8-8B4A-11D0-8D11-00A0C91BC942}") = "2.L", "..\2.L\2.L.vcxproj", "{8CB4E68B-9D98-4362-8B74-57554ADC5828}"
EndProject
Project("{8BC9CEB8-8B4A-11D0-8D11-00A0C91BC942}") = "2.3", "..\2.3\2.3.vcxproj", "{08A68597-7031-4E2A-900A-C109063D21B4}"
EndProject
Project("{8BC9CEB8-8B4A-11D0-8D11-00A0C91BC942}") = "2.4", "..\2.4\2.4.vcxproj", "{A69BD2EF-C590-425C-8376-2C1A27BA1C0A}"
EndProject
Project("{8BC9CEB8-8B4A-11D0-8D11-00A0C91BC942}") = "2.5", "..\2.5\2.5.vcxproj", "{C563D58A-6198-46FC-9BA0-302E2EB4F5C6}"
EndProject
Global
	GlobalSection(SolutionConfigurationPlatforms) = preSolution
		Debug|x64 = Debug|x64
		Debug|x86 = Debug|x86
		Release|x64 = Release|x64
		Release|x86 = Release|x86
	EndGlobalSection
	GlobalSection(ProjectConfigurationPlatforms) = postSolution
		{5726ADAF-FD43-4088-A213-E93C304B5EBD}.Debug|x64.ActiveCfg = Debug|x64
		{5726ADAF-FD43-4088-A213-E93C304B5EBD}.Debug|x64.Build.0 = Debug|x64
		{5726ADAF-FD43-4088-A213-E93C304B5EBD}.Debug|x86.ActiveCfg = Debug|Win32
		{5726ADAF-FD43-4088-A213-E93C304B5EBD}.Debug|x86.Build.0 = Debug|Win32
		{5726ADAF-FD43-4088-A213-E93C304B5EBD}.Release|x64.ActiveCfg = Release|x64
		{5726ADAF-FD43-4088-A213-E93C304B5EBD}.Release|x64.Build.0 = Release|x64
		{5726ADAF-FD43-4088-A213-E93C304B5EBD}.Release|x86.ActiveCfg = Release|Win32
		{5726ADAF-FD43-4088-A213-E93C304B5EBD}.Release|x86.Build.0 = Release|Win32
		{C1D81810-A2CF-4BF8-B55C-C12D2E2A158C}.Debug|x64.ActiveCfg = Debug|x64
		{C1D81810-A2CF-4BF8-B55C-C12D2E2A158C}.Debug|x64.Build.0 = Debug|x64
		{C1D81810-A2CF-4BF8-B55C-C12D2E2A158C}.Debug|x86.ActiveCfg = Debug|Win32
		{C1D81810-A2CF-4BF8-B55C-C12D2E2A158C}.Debug|x86.Build.0 = Debug|Win32
		{C1D81810-A2CF-4BF8-B55C-C12D2E2A158C}.Release|x64.ActiveCfg = Release|x64
		{C1D81810-A2CF-4BF8-B55C-C12D2E2A158C}.Release|x64.Build.0 = Release|x64
		{C1D81810-A2CF-4BF8-B55C-C12D2E2A158C}.Release|x86.ActiveCfg = Release|Win32
		{C1D81810-A2CF-4BF8-B55C-C12D2E2A158C}.Release|x86.Build.0 = Release|Win32
		{8CB4E68B-9D98-4362-8B74-57554ADC5828}.Debug|x64.ActiveCfg = Debug|x64
		{8CB4E68B-9D98-4362-8B74-57554ADC5828}.Debug|x64.Build.0 = Debug|x64
		{8CB4E68B-9D98-4362-8B74-57554ADC5828}.Debug|x86.ActiveCfg = Debug|Win32
		{8CB4E68B-9D98-4362-8B74-57554ADC5828}.Debug|x86.Build.0 = Debug|Win32
		{8CB4E68B-9D98-4362-8B74-57554ADC5828}.Release|x64.ActiveCfg = Release|x64
		{8CB4E68B-9D98-4362-8B74-57554ADC5828}.Release|x64.Build.0 = Release|x64
		{8CB4E68B-9D98-4362-8B74-57554ADC5828}.Release|x86.ActiveCfg = Release|Win32
		{8CB4E68B-9D98-4362-8B74-57554ADC5828}.Release|x86.Build.0 = Release|Win32
		{08A68597-7031-4E2A-900A-C109063D21B4}.Debug|x64.ActiveCfg = Debug|x64
		{08A68597-7031-4E2A-900A-C109063D21B4}.Debug|x64.Build.0 = Debug|x64
		{08A68597-7031-4E2A-900A-C109063D21B4}.Debug|x86.ActiveCfg = Debug|Win32
		{08A68597-7031-4E2A-900A-C109063D21B4}.Debug|x86.Build.0 = Debug|Win32
		{08A68597-7031-4E2A-900A-C109063D21B4}.Release|x64.ActiveCfg = Release|x64
		{08A68597-7031-4E2A-900A-C109063D21B4}.Release|x64.Build.0 = Release|x64
		{08A68597-7031-4E2A-900A-C109063D21B4}.Release|x86.ActiveCfg = Release|Win32
		{08A68597-7031-4E2A-900A-C109063D21B4}.Release|x86.Build.0 = Release|Win32
		{A69BD2EF-C590-425C-8376-2C1A27BA1C0A}.Debug|x64.ActiveCfg = Debug|x64
		{A69BD2EF-C590-425C-8376-2C1A27BA1C0A}.Debug|x64.Build.0 = Debug|x64
		{A69BD2EF-C590-425C-8376-2C1A27BA1C0A}.Debug|x86.ActiveCfg = Debug|Win32
		{A69BD2EF-C590-425C-8376-2C1A27BA1C0A}.Debug|x86.Build.0 = Debug|Win32
		{A69BD2EF-C590-425C-8376-2C1A27BA1C0A}.Release|x64.ActiveCfg = Release|x64
		{A69BD2EF-C590-425C-8376-2C1A27BA1C0A}.Release|x64.Build.0 = Release|x64
		{A69BD2EF-C590-425C-8376-2C1A27BA1C0A}.Release|x86.ActiveCfg = Release|Win32
		{A69BD2EF-C590-425C-8376-2C1A27BA1C0A}.Release|x86.Build.0 = Release|Win32
		{C563D58A-6198-46FC-9BA0-302E2EB4F5C6}.Debug|x64.ActiveCfg = Debug|x64
		{C563D58A-6198-46FC-9BA0-302E2EB4F5C6}.Debug|x64.Build.0 = Debug|x64
		{C563D58A-6198-46FC-9BA0-302E2EB4F5C6}.Debug|x86.ActiveCfg = Debug|Win32
		{C563D58A-6198-46FC-9BA0-302E2EB4F5C6}.Debug|x86.Build.0 = Debug|Win32
		{C563D58A-6198-46FC-9BA0-302E2EB4F5C6}.Release|x64.ActiveCfg = Release|x64
		{C563D58A-6198-46FC-9BA0-302E2EB4F5C6}.Release|x64.Build.0 = Release|x64
		{C563D58A-6198-46FC-9BA0-302E2EB4F5C6}.Release|x86.ActiveCfg = Release|Win32
		{C563D58A-6198-46FC-9BA0-302E2EB4F5C6}.Release|x86.Build.0 = Release|Win32
	EndGlobalSection
	GlobalSection(SolutionProperties) = preSolution
		HideSolutionNode = FALSE
	EndGlobalSection
	GlobalSection(ExtensibilityGlobals) = postSolution
		SolutionGuid = {15AE163D-3FD2-48CD-BDAE-7EE2A42DE5F6}
	EndGlobalSection
EndGlobal
