
Microsoft Visual Studio Solution File, Format Version 12.00
# Visual Studio Version 17
VisualStudioVersion = 17.14.36511.14
MinimumVisualStudioVersion = 10.0.40219.1
Project("{8BC9CEB8-8B4A-11D0-8D11-00A0C91BC942}") = "3.0", "3.0.vcxproj", "{00988EA9-D83B-41E9-B742-94D0442BFDDE}"
EndProject
Project("{8BC9CEB8-8B4A-11D0-8D11-00A0C91BC942}") = "3.1", "..\3.1\3.1.vcxproj", "{1A60D222-8574-442B-8597-35D50E31083A}"
EndProject
Project("{8BC9CEB8-8B4A-11D0-8D11-00A0C91BC942}") = "3.2", "..\3.2\3.2.vcxproj", "{AC449668-B3BB-423C-AEA2-927F60D5AA30}"
EndProject
Project("{8BC9CEB8-8B4A-11D0-8D11-00A0C91BC942}") = "3.3", "..\3.3\3.3.vcxproj", "{EBD154B1-7243-4604-91FA-F3845F25F181}"
EndProject
Project("{8BC9CEB8-8B4A-11D0-8D11-00A0C91BC942}") = "3.4", "..\3.4\3.4.vcxproj", "{49EE2FC4-4F38-4370-8BC1-187FABF86B61}"
EndProject
Global
	GlobalSection(SolutionConfigurationPlatforms) = preSolution
		Debug|x64 = Debug|x64
		Debug|x86 = Debug|x86
		Release|x64 = Release|x64
		Release|x86 = Release|x86
	EndGlobalSection
	GlobalSection(ProjectConfigurationPlatforms) = postSolution
		{00988EA9-D83B-41E9-B742-94D0442BFDDE}.Debug|x64.ActiveCfg = Debug|x64
		{00988EA9-D83B-41E9-B742-94D0442BFDDE}.Debug|x64.Build.0 = Debug|x64
		{00988EA9-D83B-41E9-B742-94D0442BFDDE}.Debug|x86.ActiveCfg = Debug|Win32
		{00988EA9-D83B-41E9-B742-94D0442BFDDE}.Debug|x86.Build.0 = Debug|Win32
		{00988EA9-D83B-41E9-B742-94D0442BFDDE}.Release|x64.ActiveCfg = Release|x64
		{00988EA9-D83B-41E9-B742-94D0442BFDDE}.Release|x64.Build.0 = Release|x64
		{00988EA9-D83B-41E9-B742-94D0442BFDDE}.Release|x86.ActiveCfg = Release|Win32
		{00988EA9-D83B-41E9-B742-94D0442BFDDE}.Release|x86.Build.0 = Release|Win32
		{1A60D222-8574-442B-8597-35D50E31083A}.Debug|x64.ActiveCfg = Debug|x64
		{1A60D222-8574-442B-8597-35D50E31083A}.Debug|x64.Build.0 = Debug|x64
		{1A60D222-8574-442B-8597-35D50E31083A}.Debug|x86.ActiveCfg = Debug|Win32
		{1A60D222-8574-442B-8597-35D50E31083A}.Debug|x86.Build.0 = Debug|Win32
		{1A60D222-8574-442B-8597-35D50E31083A}.Release|x64.ActiveCfg = Release|x64
		{1A60D222-8574-442B-8597-35D50E31083A}.Release|x64.Build.0 = Release|x64
		{1A60D222-8574-442B-8597-35D50E31083A}.Release|x86.ActiveCfg = Release|Win32
		{1A60D222-8574-442B-8597-35D50E31083A}.Release|x86.Build.0 = Release|Win32
		{AC449668-B3BB-423C-AEA2-927F60D5AA30}.Debug|x64.ActiveCfg = Debug|x64
		{AC449668-B3BB-423C-AEA2-927F60D5AA30}.Debug|x64.Build.0 = Debug|x64
		{AC449668-B3BB-423C-AEA2-927F60D5AA30}.Debug|x86.ActiveCfg = Debug|Win32
		{AC449668-B3BB-423C-AEA2-927F60D5AA30}.Debug|x86.Build.0 = Debug|Win32
		{AC449668-B3BB-423C-AEA2-927F60D5AA30}.Release|x64.ActiveCfg = Release|x64
		{AC449668-B3BB-423C-AEA2-927F60D5AA30}.Release|x64.Build.0 = Release|x64
		{AC449668-B3BB-423C-AEA2-927F60D5AA30}.Release|x86.ActiveCfg = Release|Win32
		{AC449668-B3BB-423C-AEA2-927F60D5AA30}.Release|x86.Build.0 = Release|Win32
		{EBD154B1-7243-4604-91FA-F3845F25F181}.Debug|x64.ActiveCfg = Debug|x64
		{EBD154B1-7243-4604-91FA-F3845F25F181}.Debug|x64.Build.0 = Debug|x64
		{EBD154B1-7243-4604-91FA-F3845F25F181}.Debug|x86.ActiveCfg = Debug|Win32
		{EBD154B1-7243-4604-91FA-F3845F25F181}.Debug|x86.Build.0 = Debug|Win32
		{EBD154B1-7243-4604-91FA-F3845F25F181}.Release|x64.ActiveCfg = Release|x64
		{EBD154B1-7243-4604-91FA-F3845F25F181}.Release|x64.Build.0 = Release|x64
		{EBD154B1-7243-4604-91FA-F3845F25F181}.Release|x86.ActiveCfg = Release|Win32
		{EBD154B1-7243-4604-91FA-F3845F25F181}.Release|x86.Build.0 = Release|Win32
		{49EE2FC4-4F38-4370-8BC1-187FABF86B61}.Debug|x64.ActiveCfg = Debug|x64
		{49EE2FC4-4F38-4370-8BC1-187FABF86B61}.Debug|x64.Build.0 = Debug|x64
		{49EE2FC4-4F38-4370-8BC1-187FABF86B61}.Debug|x86.ActiveCfg = Debug|Win32
		{49EE2FC4-4F38-4370-8BC1-187FABF86B61}.Debug|x86.Build.0 = Debug|Win32
		{49EE2FC4-4F38-4370-8BC1-187FABF86B61}.Release|x64.ActiveCfg = Release|x64
		{49EE2FC4-4F38-4370-8BC1-187FABF86B61}.Release|x64.Build.0 = Release|x64
		{49EE2FC4-4F38-4370-8BC1-187FABF86B61}.Release|x86.ActiveCfg = Release|Win32
		{49EE2FC4-4F38-4370-8BC1-187FABF86B61}.Release|x86.Build.0 = Release|Win32
	EndGlobalSection
	GlobalSection(SolutionProperties) = preSolution
		HideSolutionNode = FALSE
	EndGlobalSection
	GlobalSection(ExtensibilityGlobals) = postSolution
		SolutionGuid = {AD8D8B61-6BED-4F33-9A61-198F1781BE4B}
	EndGlobalSection
EndGlobal
